
Microsoft Visual Studio Solution File, Format Version 12.00
# Visual Studio Version 17
VisualStudioVersion = 17.9.34728.123
MinimumVisualStudioVersion = 10.0.40219.1
Project("{9A19103F-16F7-4668-BE54-9A1E7A4F7556}") = "InstrumentsService.Api", "src\InstrumentsService.Api\InstrumentsService.Api.csproj", "{A17B8579-C673-41CB-8FF3-5C18FF4CB112}"
EndProject
Project("{2150E333-8FDC-42A3-9474-1A3956D46DE8}") = "src", "src", "{27DE47D5-3B87-4E54-907E-F844E8DEDD83}"
EndProject
Project("{9A19103F-16F7-4668-BE54-9A1E7A4F7556}") = "InstrumentsService.Application", "src\InstrumentsService.Application\InstrumentsService.Application.csproj", "{EB193D08-5BCB-439E-A1F3-A3D47EA646C7}"
EndProject
Project("{9A19103F-16F7-4668-BE54-9A1E7A4F7556}") = "InstrumentsService.Domain", "src\InstrumentsService.Domain\InstrumentsService.Domain.csproj", "{AFB87F48-953F-4412-9EC7-5672C4C0A3F5}"
EndProject
Project("{9A19103F-16F7-4668-BE54-9A1E7A4F7556}") = "InstrumentsService.Infrastructure", "src\InstrumentsService.Infrastructure\InstrumentsService.Infrastructure.csproj", "{95567C87-1020-47E2-B431-F509CE7981EB}"
EndProject
Project("{2150E333-8FDC-42A3-9474-1A3956D46DE8}") = "postman", "postman", "{8ECC20D4-232B-452A-BDD9-4183342D5A8B}"
	ProjectSection(SolutionItems) = preProject
		postman\TestTask.postman_collection.json = postman\TestTask.postman_collection.json
	EndProjectSection
EndProject
Project("{2150E333-8FDC-42A3-9474-1A3956D46DE8}") = "tests", "tests", "{83B827EB-B75B-4695-AD60-D79B65BDD2D9}"
EndProject
Project("{9A19103F-16F7-4668-BE54-9A1E7A4F7556}") = "InstrumentsService.Application.Tests", "tests\InstrumentsService.Application.Tests\InstrumentsService.Application.Tests.csproj", "{3520BC24-CBB1-4381-ADA0-00A811AC41FA}"
EndProject
Project("{2150E333-8FDC-42A3-9474-1A3956D46DE8}") = "Solution Items", "Solution Items", "{4D74548B-AC96-4AA2-8214-091AF0F5E992}"
	ProjectSection(SolutionItems) = preProject
		.gitignore = .gitignore
		README.md = README.md
	EndProjectSection
EndProject
Project("{2150E333-8FDC-42A3-9474-1A3956D46DE8}") = "wsclient", "wsclient", "{4D18E7E8-128D-43BA-9EAD-466D382197D3}"
EndProject
Project("{9A19103F-16F7-4668-BE54-9A1E7A4F7556}") = "InstrumentsService.WS.Client", "wsclient\InstrumentsService.WS.Client\InstrumentsService.WS.Client.csproj", "{A5CA6C76-495E-4773-BA19-483A23E69183}"
EndProject
Global
	GlobalSection(SolutionConfigurationPlatforms) = preSolution
		Debug|Any CPU = Debug|Any CPU
		Release|Any CPU = Release|Any CPU
	EndGlobalSection
	GlobalSection(ProjectConfigurationPlatforms) = postSolution
		{A17B8579-C673-41CB-8FF3-5C18FF4CB112}.Debug|Any CPU.ActiveCfg = Debug|Any CPU
		{A17B8579-C673-41CB-8FF3-5C18FF4CB112}.Debug|Any CPU.Build.0 = Debug|Any CPU
		{A17B8579-C673-41CB-8FF3-5C18FF4CB112}.Release|Any CPU.ActiveCfg = Release|Any CPU
		{A17B8579-C673-41CB-8FF3-5C18FF4CB112}.Release|Any CPU.Build.0 = Release|Any CPU
		{EB193D08-5BCB-439E-A1F3-A3D47EA646C7}.Debug|Any CPU.ActiveCfg = Debug|Any CPU
		{EB193D08-5BCB-439E-A1F3-A3D47EA646C7}.Debug|Any CPU.Build.0 = Debug|Any CPU
		{EB193D08-5BCB-439E-A1F3-A3D47EA646C7}.Release|Any CPU.ActiveCfg = Release|Any CPU
		{EB193D08-5BCB-439E-A1F3-A3D47EA646C7}.Release|Any CPU.Build.0 = Release|Any CPU
		{AFB87F48-953F-4412-9EC7-5672C4C0A3F5}.Debug|Any CPU.ActiveCfg = Debug|Any CPU
		{AFB87F48-953F-4412-9EC7-5672C4C0A3F5}.Debug|Any CPU.Build.0 = Debug|Any CPU
		{AFB87F48-953F-4412-9EC7-5672C4C0A3F5}.Release|Any CPU.ActiveCfg = Release|Any CPU
		{AFB87F48-953F-4412-9EC7-5672C4C0A3F5}.Release|Any CPU.Build.0 = Release|Any CPU
		{95567C87-1020-47E2-B431-F509CE7981EB}.Debug|Any CPU.ActiveCfg = Debug|Any CPU
		{95567C87-1020-47E2-B431-F509CE7981EB}.Debug|Any CPU.Build.0 = Debug|Any CPU
		{95567C87-1020-47E2-B431-F509CE7981EB}.Release|Any CPU.ActiveCfg = Release|Any CPU
		{95567C87-1020-47E2-B431-F509CE7981EB}.Release|Any CPU.Build.0 = Release|Any CPU
		{3520BC24-CBB1-4381-ADA0-00A811AC41FA}.Debug|Any CPU.ActiveCfg = Debug|Any CPU
		{3520BC24-CBB1-4381-ADA0-00A811AC41FA}.Debug|Any CPU.Build.0 = Debug|Any CPU
		{3520BC24-CBB1-4381-ADA0-00A811AC41FA}.Release|Any CPU.ActiveCfg = Release|Any CPU
		{3520BC24-CBB1-4381-ADA0-00A811AC41FA}.Release|Any CPU.Build.0 = Release|Any CPU
		{A5CA6C76-495E-4773-BA19-483A23E69183}.Debug|Any CPU.ActiveCfg = Debug|Any CPU
		{A5CA6C76-495E-4773-BA19-483A23E69183}.Debug|Any CPU.Build.0 = Debug|Any CPU
		{A5CA6C76-495E-4773-BA19-483A23E69183}.Release|Any CPU.ActiveCfg = Release|Any CPU
		{A5CA6C76-495E-4773-BA19-483A23E69183}.Release|Any CPU.Build.0 = Release|Any CPU
	EndGlobalSection
	GlobalSection(SolutionProperties) = preSolution
		HideSolutionNode = FALSE
	EndGlobalSection
	GlobalSection(NestedProjects) = preSolution
		{A17B8579-C673-41CB-8FF3-5C18FF4CB112} = {27DE47D5-3B87-4E54-907E-F844E8DEDD83}
		{EB193D08-5BCB-439E-A1F3-A3D47EA646C7} = {27DE47D5-3B87-4E54-907E-F844E8DEDD83}
		{AFB87F48-953F-4412-9EC7-5672C4C0A3F5} = {27DE47D5-3B87-4E54-907E-F844E8DEDD83}
		{95567C87-1020-47E2-B431-F509CE7981EB} = {27DE47D5-3B87-4E54-907E-F844E8DEDD83}
		{3520BC24-CBB1-4381-ADA0-00A811AC41FA} = {83B827EB-B75B-4695-AD60-D79B65BDD2D9}
		{A5CA6C76-495E-4773-BA19-483A23E69183} = {4D18E7E8-128D-43BA-9EAD-466D382197D3}
	EndGlobalSection
	GlobalSection(ExtensibilityGlobals) = postSolution
		SolutionGuid = {F24EB5B5-3160-45EF-A547-70AF724DC516}
	EndGlobalSection
EndGlobal
